
Microsoft Visual Studio Solution File, Format Version 12.00
# Visual Studio Version 17
VisualStudioVersion = 17.10.35027.167
MinimumVisualStudioVersion = 10.0.40219.1
Project("{FAE04EC0-301F-11D3-BF4B-00C04F79EFBC}") = "sdc1-knowledge-check-2", "sdc1-knowledge-check-2.csproj", "{35FAEF75-D2B1-4CC9-B05A-301EC384A952}"
EndProject
Global
	GlobalSection(SolutionConfigurationPlatforms) = preSolution
		Debug|Any CPU = Debug|Any CPU
		Release|Any CPU = Release|Any CPU
	EndGlobalSection
	GlobalSection(ProjectConfigurationPlatforms) = postSolution
		{35FAEF75-D2B1-4CC9-B05A-301EC384A952}.Debug|Any CPU.ActiveCfg = Debug|Any CPU
		{35FAEF75-D2B1-4CC9-B05A-301EC384A952}.Debug|Any CPU.Build.0 = Debug|Any CPU
		{35FAEF75-D2B1-4CC9-B05A-301EC384A952}.Release|Any CPU.ActiveCfg = Release|Any CPU
		{35FAEF75-D2B1-4CC9-B05A-301EC384A952}.Release|Any CPU.Build.0 = Release|Any CPU
	EndGlobalSection
	GlobalSection(SolutionProperties) = preSolution
		HideSolutionNode = FALSE
	EndGlobalSection
	GlobalSection(ExtensibilityGlobals) = postSolution
		SolutionGuid = {A0E4930B-7B49-4DCB-A588-A32482D1E940}
	EndGlobalSection
EndGlobal
